
Microsoft Visual Studio Solution File, Format Version 12.00
# Visual Studio Version 17
VisualStudioVersion = 17.0.31612.314
MinimumVisualStudioVersion = 10.0.40219.1
Project("{9A19103F-16F7-4668-BE54-9A1E7A4F7556}") = "MyAPI", "src\MyAPI\MyAPI.csproj", "{B049440D-530F-4012-9E55-548AAD8C8632}"
EndProject
Project("{9A19103F-16F7-4668-BE54-9A1E7A4F7556}") = "TimedService", "src\TimedService\TimedService.csproj", "{35A24BA1-12D3-46C9-8A47-DD4F05EB0F77}"
EndProject
Project("{9A19103F-16F7-4668-BE54-9A1E7A4F7556}") = "TestProject", "tests\TestProject.csproj", "{3938FD8B-BEDA-4CD8-9564-884D85104C47}"
EndProject
Global
	GlobalSection(SolutionConfigurationPlatforms) = preSolution
		Debug|Any CPU = Debug|Any CPU
		Release|Any CPU = Release|Any CPU
	EndGlobalSection
	GlobalSection(ProjectConfigurationPlatforms) = postSolution
		{B049440D-530F-4012-9E55-548AAD8C8632}.Debug|Any CPU.ActiveCfg = Debug|Any CPU
		{B049440D-530F-4012-9E55-548AAD8C8632}.Debug|Any CPU.Build.0 = Debug|Any CPU
		{B049440D-530F-4012-9E55-548AAD8C8632}.Release|Any CPU.ActiveCfg = Release|Any CPU
		{B049440D-530F-4012-9E55-548AAD8C8632}.Release|Any CPU.Build.0 = Release|Any CPU
		{35A24BA1-12D3-46C9-8A47-DD4F05EB0F77}.Debug|Any CPU.ActiveCfg = Debug|Any CPU
		{35A24BA1-12D3-46C9-8A47-DD4F05EB0F77}.Debug|Any CPU.Build.0 = Debug|Any CPU
		{35A24BA1-12D3-46C9-8A47-DD4F05EB0F77}.Release|Any CPU.ActiveCfg = Release|Any CPU
		{35A24BA1-12D3-46C9-8A47-DD4F05EB0F77}.Release|Any CPU.Build.0 = Release|Any CPU
		{3938FD8B-BEDA-4CD8-9564-884D85104C47}.Debug|Any CPU.ActiveCfg = Debug|Any CPU
		{3938FD8B-BEDA-4CD8-9564-884D85104C47}.Debug|Any CPU.Build.0 = Debug|Any CPU
		{3938FD8B-BEDA-4CD8-9564-884D85104C47}.Release|Any CPU.ActiveCfg = Release|Any CPU
		{3938FD8B-BEDA-4CD8-9564-884D85104C47}.Release|Any CPU.Build.0 = Release|Any CPU
	EndGlobalSection
	GlobalSection(SolutionProperties) = preSolution
		HideSolutionNode = FALSE
	EndGlobalSection
	GlobalSection(ExtensibilityGlobals) = postSolution
		SolutionGuid = {84960586-3A1E-49C0-8979-E93EC2F5EF6B}
	EndGlobalSection
EndGlobal
