
Microsoft Visual Studio Solution File, Format Version 12.00
# Visual Studio Version 17
VisualStudioVersion = 17.0.31612.314
MinimumVisualStudioVersion = 10.0.40219.1
Project("{9A19103F-16F7-4668-BE54-9A1E7A4F7556}") = "TimedService", "TimedService\TimedService.csproj", "{A2A4BAEB-8DE7-4650-AF01-CB28473BD8BF}"
EndProject
Project("{9A19103F-16F7-4668-BE54-9A1E7A4F7556}") = "Api", "API\Api.csproj", "{0D543357-F1A8-4310-89CC-BDDE3A99790C}"
EndProject
Global
	GlobalSection(SolutionConfigurationPlatforms) = preSolution
		Debug|Any CPU = Debug|Any CPU
		Release|Any CPU = Release|Any CPU
	EndGlobalSection
	GlobalSection(ProjectConfigurationPlatforms) = postSolution
		{A2A4BAEB-8DE7-4650-AF01-CB28473BD8BF}.Debug|Any CPU.ActiveCfg = Debug|Any CPU
		{A2A4BAEB-8DE7-4650-AF01-CB28473BD8BF}.Debug|Any CPU.Build.0 = Debug|Any CPU
		{A2A4BAEB-8DE7-4650-AF01-CB28473BD8BF}.Release|Any CPU.ActiveCfg = Release|Any CPU
		{A2A4BAEB-8DE7-4650-AF01-CB28473BD8BF}.Release|Any CPU.Build.0 = Release|Any CPU
		{0D543357-F1A8-4310-89CC-BDDE3A99790C}.Debug|Any CPU.ActiveCfg = Debug|Any CPU
		{0D543357-F1A8-4310-89CC-BDDE3A99790C}.Debug|Any CPU.Build.0 = Debug|Any CPU
		{0D543357-F1A8-4310-89CC-BDDE3A99790C}.Release|Any CPU.ActiveCfg = Release|Any CPU
		{0D543357-F1A8-4310-89CC-BDDE3A99790C}.Release|Any CPU.Build.0 = Release|Any CPU
	EndGlobalSection
	GlobalSection(SolutionProperties) = preSolution
		HideSolutionNode = FALSE
	EndGlobalSection
	GlobalSection(ExtensibilityGlobals) = postSolution
		SolutionGuid = {84960586-3A1E-49C0-8979-E93EC2F5EF6B}
	EndGlobalSection
EndGlobal
